
Microsoft Visual Studio Solution File, Format Version 12.00
# Visual Studio Version 17
VisualStudioVersion = 17.0.31512.422
MinimumVisualStudioVersion = 10.0.40219.1
Project("{FAE04EC0-301F-11D3-BF4B-00C04F79EFBC}") = "Algoritmos", "Algoritmos.csproj", "{139F9E43-455B-41BE-8589-80B31D938CCC}"
EndProject
Global
	GlobalSection(SolutionConfigurationPlatforms) = preSolution
		Debug|Any CPU = Debug|Any CPU
		Release|Any CPU = Release|Any CPU
	EndGlobalSection
	GlobalSection(ProjectConfigurationPlatforms) = postSolution
		{139F9E43-455B-41BE-8589-80B31D938CCC}.Debug|Any CPU.ActiveCfg = Debug|Any CPU
		{139F9E43-455B-41BE-8589-80B31D938CCC}.Debug|Any CPU.Build.0 = Debug|Any CPU
		{139F9E43-455B-41BE-8589-80B31D938CCC}.Release|Any CPU.ActiveCfg = Release|Any CPU
		{139F9E43-455B-41BE-8589-80B31D938CCC}.Release|Any CPU.Build.0 = Release|Any CPU
	EndGlobalSection
	GlobalSection(SolutionProperties) = preSolution
		HideSolutionNode = FALSE
	EndGlobalSection
	GlobalSection(ExtensibilityGlobals) = postSolution
		SolutionGuid = {42FAAD6A-CD03-49D5-867C-4F32E988D9D2}
	EndGlobalSection
EndGlobal
